{
  "name": "lunq-compute-delivery-sdk",
  "version": "0.1.0",
  "lockfileVersion": 3,
  "requires": true,
  "packages": {
    "": {
      "name": "lunq-compute-delivery-sdk",
      "version": "0.1.0",
      "license": "MIT",
      "bin": {
        "lunq-verify-delivery": "src/verify-delivery.mjs"
      },
      "engines": {
        "node": ">=18"
      }
    }
  }
}
